{
  "nodes": {
    "emacs-overlay": {
      "inputs": {
        "flake-utils": "flake-utils",
        "nixpkgs": "nixpkgs"
      },
      "locked": {
        "lastModified": 1654144916,
        "narHash": "sha256-ufIONZdz0EaZUjK+JhiYL04+j7SGYar1wkGGotr68Ac=",
        "owner": "nix-community",
        "repo": "emacs-overlay",
        "rev": "274db48d3a88a44d742c2543afc8e3f4e6be9189",
        "type": "github"
      },
      "original": {
        "owner": "nix-community",
        "repo": "emacs-overlay",
        "type": "github"
      }
    },
    "flake-utils": {
      "locked": {
        "lastModified": 1653893745,
        "narHash": "sha256-0jntwV3Z8//YwuOjzhV2sgJJPt+HY6KhU7VZUL0fKZQ=",
        "owner": "numtide",
        "repo": "flake-utils",
        "rev": "1ed9fb1935d260de5fe1c2f7ee0ebaae17ed2fa1",
        "type": "github"
      },
      "original": {
        "owner": "numtide",
        "repo": "flake-utils",
        "type": "github"
      }
    },
    "flake-utils_2": {
      "locked": {
        "lastModified": 1653893745,
        "narHash": "sha256-0jntwV3Z8//YwuOjzhV2sgJJPt+HY6KhU7VZUL0fKZQ=",
        "owner": "numtide",
        "repo": "flake-utils",
        "rev": "1ed9fb1935d260de5fe1c2f7ee0ebaae17ed2fa1",
        "type": "github"
      },
      "original": {
        "owner": "numtide",
        "repo": "flake-utils",
        "type": "github"
      }
    },
    "nixpkgs": {
      "locked": {
        "lastModified": 1640053457,
        "narHash": "sha256-oEW6t3pAA+ka8nEof4aOce4UtF7GhGSvKpeuKRcEyqM=",
        "path": "/nix/store/xng23x0hckwiqd7q9km7gf1cmhnmw7j5-source",
        "rev": "9aeb6f081840e084d7d9f612dc8182c19bed1e92",
        "type": "path"
      },
      "original": {
        "id": "nixpkgs",
        "type": "indirect"
      }
    },
    "nixpkgs_2": {
      "locked": {
        "lastModified": 1654122833,
        "narHash": "sha256-sNBur/hNBlW37ntBEB54ujlNDOVLnXvuWuHyO1tP3+0=",
        "owner": "nixos",
        "repo": "nixpkgs",
        "rev": "9ff65cb28c43236eac4cbbd20a5781581d9cbbf6",
        "type": "github"
      },
      "original": {
        "owner": "nixos",
        "ref": "release-22.05",
        "repo": "nixpkgs",
        "type": "github"
      }
    },
    "root": {
      "inputs": {
        "emacs-overlay": "emacs-overlay",
        "flake-utils": "flake-utils_2",
        "nixpkgs": "nixpkgs_2"
      }
    }
  },
  "root": "root",
  "version": 7
}
