{
  "nodes": {
    "emacs-overlay": {
      "inputs": {
        "flake-utils": [
          "flake-utils"
        ],
        "nixpkgs": [
          "nixpkgs"
        ]
      },
      "locked": {
        "lastModified": 1669948527,
        "narHash": "sha256-dfwAxGHtdL0R8oK49r3NVVjiqznAbI/FQ88p44a+3mc=",
        "owner": "nix-community",
        "repo": "emacs-overlay",
        "rev": "1b9f52597f61f2d8f6d40251e033410163735634",
        "type": "github"
      },
      "original": {
        "owner": "nix-community",
        "repo": "emacs-overlay",
        "type": "github"
      }
    },
    "flake-compat": {
      "flake": false,
      "locked": {
        "lastModified": 1673956053,
        "narHash": "sha256-4gtG9iQuiKITOjNQQeQIpoIB6b16fm+504Ch3sNKLd8=",
        "owner": "edolstra",
        "repo": "flake-compat",
        "rev": "35bb57c0c8d8b62bbfd284272c928ceb64ddbde9",
        "type": "github"
      },
      "original": {
        "owner": "edolstra",
        "repo": "flake-compat",
        "type": "github"
      }
    },
    "flake-parts": {
      "inputs": {
        "nixpkgs-lib": "nixpkgs-lib"
      },
      "locked": {
        "lastModified": 1698882062,
        "narHash": "sha256-HkhafUayIqxXyHH1X8d9RDl1M2CkFgZLjKD3MzabiEo=",
        "owner": "hercules-ci",
        "repo": "flake-parts",
        "rev": "8c9fa2545007b49a5db5f650ae91f227672c3877",
        "type": "github"
      },
      "original": {
        "owner": "hercules-ci",
        "repo": "flake-parts",
        "type": "github"
      }
    },
    "flake-utils": {
      "locked": {
        "lastModified": 1667395993,
        "narHash": "sha256-nuEHfE/LcWyuSWnS8t12N1wc105Qtau+/OdUAjtQ0rA=",
        "owner": "numtide",
        "repo": "flake-utils",
        "rev": "5aed5285a952e0b949eb3ba02c12fa4fcfef535f",
        "type": "github"
      },
      "original": {
        "owner": "numtide",
        "repo": "flake-utils",
        "type": "github"
      }
    },
    "gitignore": {
      "inputs": {
        "nixpkgs": [
          "pre-commit-hooks-nix",
          "nixpkgs"
        ]
      },
      "locked": {
        "lastModified": 1660459072,
        "narHash": "sha256-8DFJjXG8zqoONA1vXtgeKXy68KdJL5UaXR8NtVMUbx8=",
        "owner": "hercules-ci",
        "repo": "gitignore.nix",
        "rev": "a20de23b925fd8264fd7fad6454652e142fd7f73",
        "type": "github"
      },
      "original": {
        "owner": "hercules-ci",
        "repo": "gitignore.nix",
        "type": "github"
      }
    },
    "nixpkgs": {
      "locked": {
        "lastModified": 1703255338,
        "narHash": "sha256-Z6wfYJQKmDN9xciTwU3cOiOk+NElxdZwy/FiHctCzjU=",
        "owner": "nixos",
        "repo": "nixpkgs",
        "rev": "6df37dc6a77654682fe9f071c62b4242b5342e04",
        "type": "github"
      },
      "original": {
        "owner": "nixos",
        "ref": "nixos-unstable",
        "repo": "nixpkgs",
        "type": "github"
      }
    },
    "nixpkgs-lib": {
      "locked": {
        "dir": "lib",
        "lastModified": 1698611440,
        "narHash": "sha256-jPjHjrerhYDy3q9+s5EAsuhyhuknNfowY6yt6pjn9pc=",
        "owner": "NixOS",
        "repo": "nixpkgs",
        "rev": "0cbe9f69c234a7700596e943bfae7ef27a31b735",
        "type": "github"
      },
      "original": {
        "dir": "lib",
        "owner": "NixOS",
        "ref": "nixos-unstable",
        "repo": "nixpkgs",
        "type": "github"
      }
    },
    "nixpkgs-stable": {
      "locked": {
        "lastModified": 1685801374,
        "narHash": "sha256-otaSUoFEMM+LjBI1XL/xGB5ao6IwnZOXc47qhIgJe8U=",
        "owner": "NixOS",
        "repo": "nixpkgs",
        "rev": "c37ca420157f4abc31e26f436c1145f8951ff373",
        "type": "github"
      },
      "original": {
        "owner": "NixOS",
        "ref": "nixos-23.05",
        "repo": "nixpkgs",
        "type": "github"
      }
    },
    "pre-commit-hooks-nix": {
      "inputs": {
        "flake-compat": "flake-compat",
        "flake-utils": [
          "flake-utils"
        ],
        "gitignore": "gitignore",
        "nixpkgs": [
          "nixpkgs"
        ],
        "nixpkgs-stable": "nixpkgs-stable"
      },
      "locked": {
        "lastModified": 1700064067,
        "narHash": "sha256-1ZWNDzhu8UlVCK7+DUN9dVQfiHX1bv6OQP9VxstY/gs=",
        "owner": "cachix",
        "repo": "pre-commit-hooks.nix",
        "rev": "e558068cba67b23b4fbc5537173dbb43748a17e8",
        "type": "github"
      },
      "original": {
        "owner": "cachix",
        "repo": "pre-commit-hooks.nix",
        "type": "github"
      }
    },
    "root": {
      "inputs": {
        "emacs-overlay": "emacs-overlay",
        "flake-parts": "flake-parts",
        "flake-utils": "flake-utils",
        "nixpkgs": "nixpkgs",
        "pre-commit-hooks-nix": "pre-commit-hooks-nix"
      }
    }
  },
  "root": "root",
  "version": 7
}
