{
  "nodes": {
    "emacs-overlay": {
      "locked": {
        "lastModified": 1624585804,
        "narHash": "sha256-oryr0o/j1GvXkzK2zHsnDpgyf1lMvw9oaT7z/dVpvIQ=",
        "owner": "nix-community",
        "repo": "emacs-overlay",
        "rev": "884b14de30acd8cc2f096f6b6236873a8ca397f7",
        "type": "github"
      },
      "original": {
        "owner": "nix-community",
        "repo": "emacs-overlay",
        "type": "github"
      }
    },
    "flake-utils": {
      "locked": {
        "lastModified": 1620759905,
        "narHash": "sha256-WiyWawrgmyN0EdmiHyG2V+fqReiVi8bM9cRdMaKQOFg=",
        "owner": "numtide",
        "repo": "flake-utils",
        "rev": "b543720b25df6ffdfcf9227afafc5b8c1fabfae8",
        "type": "github"
      },
      "original": {
        "owner": "numtide",
        "repo": "flake-utils",
        "type": "github"
      }
    },
    "nixpkgs": {
      "locked": {
        "lastModified": 1621388731,
        "narHash": "sha256-J4VWmxUxxwnHcV0KbQE6ZHnE2z+K5Xc0ux27wIYW5QE=",
        "owner": "nixos",
        "repo": "nixpkgs",
        "rev": "667950d4e8b2e7ae6e9fd67ee7c9de6a3271044f",
        "type": "github"
      },
      "original": {
        "owner": "nixos",
        "repo": "nixpkgs",
        "type": "github"
      }
    },
    "root": {
      "inputs": {
        "emacs-overlay": "emacs-overlay",
        "flake-utils": "flake-utils",
        "nixpkgs": "nixpkgs"
      }
    }
  },
  "root": "root",
  "version": 7
}
